// !$*UTF8*$!
{
	archiveVersion = 1;
	classes = {
	};
	objectVersion = 56;
	objects = {

/* Begin PBXBuildFile section */
		3FA451BE2A08C44C00979E27 /* grusScreen.jpg in Resources */ = {isa = PBXBuildFile; fileRef = 3FA451BD2A08C44C00979E27 /* grusScreen.jpg */; };
		3FA8E0F72EEDB6EA00AF6A0B /* SceneDelegate.swift in Sources */ = {isa = PBXBuildFile; fileRef = 3FA8E0F62EEDB6EA00AF6A0B /* SceneDelegate.swift */; };
		3FFC5BD72A066B8C0002191F /* AppDelegate.swift in Sources */ = {isa = PBXBuildFile; fileRef = 3FFC5BD62A066B8C0002191F /* AppDelegate.swift */; };
		3FFC5BDB2A066B8C0002191F /* ViewController.swift in Sources */ = {isa = PBXBuildFile; fileRef = 3FFC5BDA2A066B8C0002191F /* ViewController.swift */; };
		3FFC5BE02A066B8D0002191F /* Assets.xcassets in Resources */ = {isa = PBXBuildFile; fileRef = 3FFC5BDF2A066B8D0002191F /* Assets.xcassets */; };
		3FFC5BE32A066B8D0002191F /* LaunchScreen.storyboard in Resources */ = {isa = PBXBuildFile; fileRef = 3FFC5BE12A066B8D0002191F /* LaunchScreen.storyboard */; };
		3FFC5BEB2A066CB60002191F /* ScanHelperViewController.swift in Sources */ = {isa = PBXBuildFile; fileRef = 3FFC5BEA2A066CB60002191F /* ScanHelperViewController.swift */; };
		3FFC5BF02A088A510002191F /* ScanHelperSDK.framework in Frameworks */ = {isa = PBXBuildFile; fileRef = 3FFC5BEF2A088A510002191F /* ScanHelperSDK.framework */; };
		3FFC5BF32A088B570002191F /* scan_audio.wav in Resources */ = {isa = PBXBuildFile; fileRef = 3FFC5BF22A088B570002191F /* scan_audio.wav */; };
/* End PBXBuildFile section */

/* Begin PBXFileReference section */
		3FA451BD2A08C44C00979E27 /* grusScreen.jpg */ = {isa = PBXFileReference; lastKnownFileType = image.jpeg; path = grusScreen.jpg; sourceTree = "<group>"; };
		3FA8E0F62EEDB6EA00AF6A0B /* SceneDelegate.swift */ = {isa = PBXFileReference; lastKnownFileType = sourcecode.swift; path = SceneDelegate.swift; sourceTree = "<group>"; };
		3FFC5BD32A066B8C0002191F /* ScanHelper.app */ = {isa = PBXFileReference; explicitFileType = wrapper.application; includeInIndex = 0; path = ScanHelper.app; sourceTree = BUILT_PRODUCTS_DIR; };
		3FFC5BD62A066B8C0002191F /* AppDelegate.swift */ = {isa = PBXFileReference; lastKnownFileType = sourcecode.swift; path = AppDelegate.swift; sourceTree = "<group>"; };
		3FFC5BDA2A066B8C0002191F /* ViewController.swift */ = {isa = PBXFileReference; lastKnownFileType = sourcecode.swift; path = ViewController.swift; sourceTree = "<group>"; };
		3FFC5BDF2A066B8D0002191F /* Assets.xcassets */ = {isa = PBXFileReference; lastKnownFileType = folder.assetcatalog; path = Assets.xcassets; sourceTree = "<group>"; };
		3FFC5BE22A066B8D0002191F /* Base */ = {isa = PBXFileReference; lastKnownFileType = file.storyboard; name = Base; path = Base.lproj/LaunchScreen.storyboard; sourceTree = "<group>"; };
		3FFC5BE42A066B8D0002191F /* Info.plist */ = {isa = PBXFileReference; lastKnownFileType = text.plist.xml; path = Info.plist; sourceTree = "<group>"; };
		3FFC5BEA2A066CB60002191F /* ScanHelperViewController.swift */ = {isa = PBXFileReference; fileEncoding = 4; lastKnownFileType = sourcecode.swift; path = ScanHelperViewController.swift; sourceTree = "<group>"; };
		3FFC5BEF2A088A510002191F /* ScanHelperSDK.framework */ = {isa = PBXFileReference; lastKnownFileType = wrapper.framework; name = ScanHelperSDK.framework; path = ../../lib/ScanHelperSDK.framework; sourceTree = "<group>"; };
		3FFC5BF22A088B570002191F /* scan_audio.wav */ = {isa = PBXFileReference; lastKnownFileType = audio.wav; path = scan_audio.wav; sourceTree = "<group>"; };
/* End PBXFileReference section */

/* Begin PBXFrameworksBuildPhase section */
		3FFC5BD02A066B8C0002191F /* Frameworks */ = {
			isa = PBXFrameworksBuildPhase;
			buildActionMask = 2147483647;
			files = (
				3FFC5BF02A088A510002191F /* ScanHelperSDK.framework in Frameworks */,
			);
			runOnlyForDeploymentPostprocessing = 0;
		};
/* End PBXFrameworksBuildPhase section */

/* Begin PBXGroup section */
		3FFC5BCA2A066B8C0002191F = {
			isa = PBXGroup;
			children = (
				3FFC5BD52A066B8C0002191F /* ScanHelper */,
				3FFC5BF12A088B290002191F /* Resources */,
				3FFC5BD42A066B8C0002191F /* Products */,
				3FFC5BEE2A088A510002191F /* Frameworks */,
			);
			sourceTree = "<group>";
		};
		3FFC5BD42A066B8C0002191F /* Products */ = {
			isa = PBXGroup;
			children = (
				3FFC5BD32A066B8C0002191F /* ScanHelper.app */,
			);
			name = Products;
			sourceTree = "<group>";
		};
		3FFC5BD52A066B8C0002191F /* ScanHelper */ = {
			isa = PBXGroup;
			children = (
				3FFC5BD62A066B8C0002191F /* AppDelegate.swift */,
				3FA8E0F62EEDB6EA00AF6A0B /* SceneDelegate.swift */,
				3FFC5BDA2A066B8C0002191F /* ViewController.swift */,
				3FFC5BEA2A066CB60002191F /* ScanHelperViewController.swift */,
			);
			path = ScanHelper;
			sourceTree = "<group>";
		};
		3FFC5BEE2A088A510002191F /* Frameworks */ = {
			isa = PBXGroup;
			children = (
				3FFC5BEF2A088A510002191F /* ScanHelperSDK.framework */,
			);
			name = Frameworks;
			sourceTree = "<group>";
		};
		3FFC5BF12A088B290002191F /* Resources */ = {
			isa = PBXGroup;
			children = (
				3FFC5BE42A066B8D0002191F /* Info.plist */,
				3FFC5BDF2A066B8D0002191F /* Assets.xcassets */,
				3FFC5BF22A088B570002191F /* scan_audio.wav */,
				3FA451BD2A08C44C00979E27 /* grusScreen.jpg */,
				3FFC5BE12A066B8D0002191F /* LaunchScreen.storyboard */,
			);
			path = Resources;
			sourceTree = "<group>";
		};
/* End PBXGroup section */

/* Begin PBXNativeTarget section */
		3FFC5BD22A066B8C0002191F /* ScanHelper */ = {
			isa = PBXNativeTarget;
			buildConfigurationList = 3FFC5BE72A066B8D0002191F /* Build configuration list for PBXNativeTarget "ScanHelper" */;
			buildPhases = (
				3F38CE9B2AF912F9000BC560 /* Copy ScanHelperSDK */,
				3FFC5BCF2A066B8C0002191F /* Sources */,
				3FFC5BD02A066B8C0002191F /* Frameworks */,
				3FFC5BD12A066B8C0002191F /* Resources */,
			);
			buildRules = (
			);
			dependencies = (
			);
			name = ScanHelper;
			productName = ScanHelper;
			productReference = 3FFC5BD32A066B8C0002191F /* ScanHelper.app */;
			productType = "com.apple.product-type.application";
		};
/* End PBXNativeTarget section */

/* Begin PBXProject section */
		3FFC5BCB2A066B8C0002191F /* Project object */ = {
			isa = PBXProject;
			attributes = {
				BuildIndependentTargetsInParallel = 1;
				LastSwiftUpdateCheck = 1430;
				LastUpgradeCheck = 2610;
				TargetAttributes = {
					3FFC5BD22A066B8C0002191F = {
						CreatedOnToolsVersion = 14.3;
					};
				};
			};
			buildConfigurationList = 3FFC5BCE2A066B8C0002191F /* Build configuration list for PBXProject "ScanHelper" */;
			compatibilityVersion = "Xcode 14.0";
			developmentRegion = en;
			hasScannedForEncodings = 0;
			knownRegions = (
				en,
				Base,
			);
			mainGroup = 3FFC5BCA2A066B8C0002191F;
			productRefGroup = 3FFC5BD42A066B8C0002191F /* Products */;
			projectDirPath = "";
			projectRoot = "";
			targets = (
				3FFC5BD22A066B8C0002191F /* ScanHelper */,
			);
		};
/* End PBXProject section */

/* Begin PBXResourcesBuildPhase section */
		3FFC5BD12A066B8C0002191F /* Resources */ = {
			isa = PBXResourcesBuildPhase;
			buildActionMask = 2147483647;
			files = (
				3FFC5BF32A088B570002191F /* scan_audio.wav in Resources */,
				3FA451BE2A08C44C00979E27 /* grusScreen.jpg in Resources */,
				3FFC5BE32A066B8D0002191F /* LaunchScreen.storyboard in Resources */,
				3FFC5BE02A066B8D0002191F /* Assets.xcassets in Resources */,
			);
			runOnlyForDeploymentPostprocessing = 0;
		};
/* End PBXResourcesBuildPhase section */

/* Begin PBXShellScriptBuildPhase section */
		3F38CE9B2AF912F9000BC560 /* Copy ScanHelperSDK */ = {
			isa = PBXShellScriptBuildPhase;
			alwaysOutOfDate = 1;
			buildActionMask = 2147483647;
			files = (
			);
			inputFileListPaths = (
			);
			inputPaths = (
			);
			name = "Copy ScanHelperSDK";
			outputFileListPaths = (
			);
			outputPaths = (
			);
			runOnlyForDeploymentPostprocessing = 0;
			shellPath = /bin/sh;
			shellScript = "# 设置 DERIVED_DATA_DIR 环境变量\nDERIVED_DATA_DIR=\"$HOME/Library/Developer/Xcode/DerivedData\"\n\n# 设置目标路径\nTARGET_PATH=\"$SRCROOT/../../lib/ScanHelperSDK.framework\"\n\n# 步骤1: 确保预存的框架存在\nif [ ! -d \"$TARGET_PATH\" ]; then\n    echo \"Error: Pre-stored framework not found at: $TARGET_PATH\"\n    echo \"Please ensure ScanHelperSDK.framework exists in the lib directory.\"\n    exit 1\nfi\n\n# 步骤2: 查找编译生成的新版本框架\necho \"Looking for compiled ScanHelperSDK.framework in DerivedData...\"\nCOMPILED_FRAMEWORK=\"\"\n\n# 方法1: 先尝试精确查找 Release-iphoneos\nCOMPILED_FRAMEWORK=$(find \"$DERIVED_DATA_DIR\" -type d -name \"ScanHelperSDK.framework\" -path \"*Release-iphoneos*\" 2>/dev/null | head -1)\n\n# 步骤3: 如果找到编译版本，替换预存版本\nif [ -n \"$COMPILED_FRAMEWORK\" ] && [ -d \"$COMPILED_FRAMEWORK\" ]; then\n    echo \"✓ Found compiled framework: $COMPILED_FRAMEWORK\"\n    \n    # 验证编译的框架是否有效\n    if [ ! -f \"$COMPILED_FRAMEWORK/Info.plist\" ]; then\n        echo \"Warning: Compiled framework missing Info.plist, using pre-stored version\"\n    elif [ ! -f \"$COMPILED_FRAMEWORK/ScanHelperSDK\" ] && [ -z \"$(ls \"$COMPILED_FRAMEWORK\"/ScanHelperSDK.* 2>/dev/null)\" ]; then\n        echo \"Warning: Compiled framework missing binary, using pre-stored version\"\n    else\n        # 删除旧的目标框架\n        echo \"Replacing pre-stored framework with compiled version...\"\n        rm -rf \"$TARGET_PATH\"\n        \n        # 复制新的编译框架\n        if cp -Rf \"$COMPILED_FRAMEWORK\" \"$TARGET_PATH\"; then\n            echo \"✓ Successfully updated with compiled framework\"\n        else\n            echo \"Error: Failed to copy compiled framework\"\n            echo \"Please check if the compiled framework is corrupted.\"\n            exit 1\n        fi\n    fi\nelse\n    echo \"No compiled framework found, using pre-stored version from lib directory\"\nfi\n\n# 步骤4: 最终验证目标框架\necho \"\"\necho \"=== Final Framework Status ===\"\necho \"Path: $TARGET_PATH\"\n\nif [ -d \"$TARGET_PATH\" ]; then\n    # 检查框架完整性\n    HAS_INFO_PLIST=\"No\"\n    HAS_BINARY=\"No\"\n    \n    if [ -f \"$TARGET_PATH/Info.plist\" ]; then\n        HAS_INFO_PLIST=\"Yes\"\n    fi\n    \n    if [ -f \"$TARGET_PATH/ScanHelperSDK\" ]; then\n        HAS_BINARY=\"Yes\"\n    elif ls \"$TARGET_PATH\"/ScanHelperSDK.* 1>/dev/null 2>&1; then\n        HAS_BINARY=\"Yes (variant)\"\n    fi\n    \n    # 显示结果\n    echo \"✓ Framework directory exists\"\n    echo \"  - Contains Info.plist: $HAS_INFO_PLIST\"\n    echo \"  - Contains binary: $HAS_BINARY\"\n    \n    if [ \"$HAS_INFO_PLIST\" = \"Yes\" ] && [ \"$HAS_BINARY\" = \"Yes\" ]; then\n        echo \"✓ Framework is valid and ready for use\"\n    else\n        echo \"Warning: Framework may be incomplete\"\n    fi\nelse\n    echo \"Error: Framework not found at target path\"\n    exit 1\nfi\n\necho \"Script completed successfully!\"\n";
		};
/* End PBXShellScriptBuildPhase section */

/* Begin PBXSourcesBuildPhase section */
		3FFC5BCF2A066B8C0002191F /* Sources */ = {
			isa = PBXSourcesBuildPhase;
			buildActionMask = 2147483647;
			files = (
				3FFC5BDB2A066B8C0002191F /* ViewController.swift in Sources */,
				3FFC5BD72A066B8C0002191F /* AppDelegate.swift in Sources */,
				3FFC5BEB2A066CB60002191F /* ScanHelperViewController.swift in Sources */,
				3FA8E0F72EEDB6EA00AF6A0B /* SceneDelegate.swift in Sources */,
			);
			runOnlyForDeploymentPostprocessing = 0;
		};
/* End PBXSourcesBuildPhase section */

/* Begin PBXVariantGroup section */
		3FFC5BE12A066B8D0002191F /* LaunchScreen.storyboard */ = {
			isa = PBXVariantGroup;
			children = (
				3FFC5BE22A066B8D0002191F /* Base */,
			);
			name = LaunchScreen.storyboard;
			sourceTree = "<group>";
		};
/* End PBXVariantGroup section */

/* Begin XCBuildConfiguration section */
		3FFC5BE52A066B8D0002191F /* Debug */ = {
			isa = XCBuildConfiguration;
			buildSettings = {
				ALWAYS_SEARCH_USER_PATHS = NO;
				ASSETCATALOG_COMPILER_GENERATE_SWIFT_ASSET_SYMBOL_EXTENSIONS = YES;
				CLANG_ANALYZER_NONNULL = YES;
				CLANG_ANALYZER_NUMBER_OBJECT_CONVERSION = YES_AGGRESSIVE;
				CLANG_CXX_LANGUAGE_STANDARD = "gnu++20";
				CLANG_ENABLE_MODULES = YES;
				CLANG_ENABLE_OBJC_ARC = YES;
				CLANG_ENABLE_OBJC_WEAK = YES;
				CLANG_WARN_BLOCK_CAPTURE_AUTORELEASING = YES;
				CLANG_WARN_BOOL_CONVERSION = YES;
				CLANG_WARN_COMMA = YES;
				CLANG_WARN_CONSTANT_CONVERSION = YES;
				CLANG_WARN_DEPRECATED_OBJC_IMPLEMENTATIONS = YES;
				CLANG_WARN_DIRECT_OBJC_ISA_USAGE = YES_ERROR;
				CLANG_WARN_DOCUMENTATION_COMMENTS = YES;
				CLANG_WARN_EMPTY_BODY = YES;
				CLANG_WARN_ENUM_CONVERSION = YES;
				CLANG_WARN_INFINITE_RECURSION = YES;
				CLANG_WARN_INT_CONVERSION = YES;
				CLANG_WARN_NON_LITERAL_NULL_CONVERSION = YES;
				CLANG_WARN_OBJC_IMPLICIT_RETAIN_SELF = YES;
				CLANG_WARN_OBJC_LITERAL_CONVERSION = YES;
				CLANG_WARN_OBJC_ROOT_CLASS = YES_ERROR;
				CLANG_WARN_QUOTED_INCLUDE_IN_FRAMEWORK_HEADER = YES;
				CLANG_WARN_RANGE_LOOP_ANALYSIS = YES;
				CLANG_WARN_STRICT_PROTOTYPES = YES;
				CLANG_WARN_SUSPICIOUS_MOVE = YES;
				CLANG_WARN_UNGUARDED_AVAILABILITY = YES_AGGRESSIVE;
				CLANG_WARN_UNREACHABLE_CODE = YES;
				CLANG_WARN__DUPLICATE_METHOD_MATCH = YES;
				COPY_PHASE_STRIP = NO;
				DEBUG_INFORMATION_FORMAT = dwarf;
				DEVELOPMENT_TEAM = GHMZDPRV3P;
				ENABLE_STRICT_OBJC_MSGSEND = YES;
				ENABLE_TESTABILITY = YES;
				ENABLE_USER_SCRIPT_SANDBOXING = YES;
				GCC_C_LANGUAGE_STANDARD = gnu11;
				GCC_DYNAMIC_NO_PIC = NO;
				GCC_NO_COMMON_BLOCKS = YES;
				GCC_OPTIMIZATION_LEVEL = 0;
				GCC_PREPROCESSOR_DEFINITIONS = (
					"DEBUG=1",
					"$(inherited)",
				);
				GCC_WARN_64_TO_32_BIT_CONVERSION = YES;
				GCC_WARN_ABOUT_RETURN_TYPE = YES_ERROR;
				GCC_WARN_UNDECLARED_SELECTOR = YES;
				GCC_WARN_UNINITIALIZED_AUTOS = YES_AGGRESSIVE;
				GCC_WARN_UNUSED_FUNCTION = YES;
				GCC_WARN_UNUSED_VARIABLE = YES;
				IPHONEOS_DEPLOYMENT_TARGET = 16.4;
				MTL_ENABLE_DEBUG_INFO = INCLUDE_SOURCE;
				MTL_FAST_MATH = YES;
				ONLY_ACTIVE_ARCH = YES;
				SDKROOT = iphoneos;
				STRING_CATALOG_GENERATE_SYMBOLS = YES;
				SWIFT_ACTIVE_COMPILATION_CONDITIONS = DEBUG;
				SWIFT_OPTIMIZATION_LEVEL = "-Onone";
			};
			name = Debug;
		};
		3FFC5BE62A066B8D0002191F /* Release */ = {
			isa = XCBuildConfiguration;
			buildSettings = {
				ALWAYS_SEARCH_USER_PATHS = NO;
				ASSETCATALOG_COMPILER_GENERATE_SWIFT_ASSET_SYMBOL_EXTENSIONS = YES;
				CLANG_ANALYZER_NONNULL = YES;
				CLANG_ANALYZER_NUMBER_OBJECT_CONVERSION = YES_AGGRESSIVE;
				CLANG_CXX_LANGUAGE_STANDARD = "gnu++20";
				CLANG_ENABLE_MODULES = YES;
				CLANG_ENABLE_OBJC_ARC = YES;
				CLANG_ENABLE_OBJC_WEAK = YES;
				CLANG_WARN_BLOCK_CAPTURE_AUTORELEASING = YES;
				CLANG_WARN_BOOL_CONVERSION = YES;
				CLANG_WARN_COMMA = YES;
				CLANG_WARN_CONSTANT_CONVERSION = YES;
				CLANG_WARN_DEPRECATED_OBJC_IMPLEMENTATIONS = YES;
				CLANG_WARN_DIRECT_OBJC_ISA_USAGE = YES_ERROR;
				CLANG_WARN_DOCUMENTATION_COMMENTS = YES;
				CLANG_WARN_EMPTY_BODY = YES;
				CLANG_WARN_ENUM_CONVERSION = YES;
				CLANG_WARN_INFINITE_RECURSION = YES;
				CLANG_WARN_INT_CONVERSION = YES;
				CLANG_WARN_NON_LITERAL_NULL_CONVERSION = YES;
				CLANG_WARN_OBJC_IMPLICIT_RETAIN_SELF = YES;
				CLANG_WARN_OBJC_LITERAL_CONVERSION = YES;
				CLANG_WARN_OBJC_ROOT_CLASS = YES_ERROR;
				CLANG_WARN_QUOTED_INCLUDE_IN_FRAMEWORK_HEADER = YES;
				CLANG_WARN_RANGE_LOOP_ANALYSIS = YES;
				CLANG_WARN_STRICT_PROTOTYPES = YES;
				CLANG_WARN_SUSPICIOUS_MOVE = YES;
				CLANG_WARN_UNGUARDED_AVAILABILITY = YES_AGGRESSIVE;
				CLANG_WARN_UNREACHABLE_CODE = YES;
				CLANG_WARN__DUPLICATE_METHOD_MATCH = YES;
				COPY_PHASE_STRIP = NO;
				DEBUG_INFORMATION_FORMAT = "dwarf-with-dsym";
				DEVELOPMENT_TEAM = GHMZDPRV3P;
				ENABLE_NS_ASSERTIONS = NO;
				ENABLE_STRICT_OBJC_MSGSEND = YES;
				ENABLE_USER_SCRIPT_SANDBOXING = YES;
				GCC_C_LANGUAGE_STANDARD = gnu11;
				GCC_NO_COMMON_BLOCKS = YES;
				GCC_WARN_64_TO_32_BIT_CONVERSION = YES;
				GCC_WARN_ABOUT_RETURN_TYPE = YES_ERROR;
				GCC_WARN_UNDECLARED_SELECTOR = YES;
				GCC_WARN_UNINITIALIZED_AUTOS = YES_AGGRESSIVE;
				GCC_WARN_UNUSED_FUNCTION = YES;
				GCC_WARN_UNUSED_VARIABLE = YES;
				IPHONEOS_DEPLOYMENT_TARGET = 16.4;
				MTL_ENABLE_DEBUG_INFO = NO;
				MTL_FAST_MATH = YES;
				SDKROOT = iphoneos;
				STRING_CATALOG_GENERATE_SYMBOLS = YES;
				SWIFT_COMPILATION_MODE = wholemodule;
				SWIFT_OPTIMIZATION_LEVEL = "-O";
				VALIDATE_PRODUCT = YES;
			};
			name = Release;
		};
		3FFC5BE82A066B8D0002191F /* Debug */ = {
			isa = XCBuildConfiguration;
			buildSettings = {
				ASSETCATALOG_COMPILER_APPICON_NAME = AppIcon;
				ASSETCATALOG_COMPILER_GLOBAL_ACCENT_COLOR_NAME = "";
				ASSETCATALOG_COMPILER_INCLUDE_ALL_APPICON_ASSETS = YES;
				CODE_SIGN_STYLE = Automatic;
				CURRENT_PROJECT_VERSION = 1;
				DEVELOPMENT_TEAM = KTQAGL8R5U;
				FRAMEWORK_SEARCH_PATHS = "\"$(SRCROOT)/../../lib/\"";
				GENERATE_INFOPLIST_FILE = YES;
				INFOPLIST_FILE = Resources/Info.plist;
				INFOPLIST_KEY_NSCameraUsageDescription = "授权使用系统相机功能";
				INFOPLIST_KEY_UIApplicationSupportsIndirectInputEvents = YES;
				INFOPLIST_KEY_UILaunchStoryboardName = LaunchScreen.storyboard;
				INFOPLIST_KEY_UISupportedInterfaceOrientations_iPad = "UIInterfaceOrientationPortrait UIInterfaceOrientationPortraitUpsideDown UIInterfaceOrientationLandscapeLeft UIInterfaceOrientationLandscapeRight";
				INFOPLIST_KEY_UISupportedInterfaceOrientations_iPhone = "UIInterfaceOrientationPortrait UIInterfaceOrientationLandscapeLeft UIInterfaceOrientationLandscapeRight";
				IPHONEOS_DEPLOYMENT_TARGET = 13.0;
				LD_RUNPATH_SEARCH_PATHS = (
					"$(inherited)",
					"@executable_path/Frameworks",
				);
				MARKETING_VERSION = 0.1.6;
				PRODUCT_BUNDLE_IDENTIFIER = com.well.ScanHelper;
				PRODUCT_NAME = "$(TARGET_NAME)";
				SWIFT_EMIT_LOC_STRINGS = YES;
				SWIFT_VERSION = 5.0;
				TARGETED_DEVICE_FAMILY = "1,2";
			};
			name = Debug;
		};
		3FFC5BE92A066B8D0002191F /* Release */ = {
			isa = XCBuildConfiguration;
			buildSettings = {
				ASSETCATALOG_COMPILER_APPICON_NAME = AppIcon;
				ASSETCATALOG_COMPILER_GLOBAL_ACCENT_COLOR_NAME = "";
				ASSETCATALOG_COMPILER_INCLUDE_ALL_APPICON_ASSETS = YES;
				CODE_SIGN_STYLE = Automatic;
				CURRENT_PROJECT_VERSION = 1;
				DEVELOPMENT_TEAM = KTQAGL8R5U;
				FRAMEWORK_SEARCH_PATHS = "\"$(SRCROOT)/../../lib/\"";
				GENERATE_INFOPLIST_FILE = YES;
				INFOPLIST_FILE = Resources/Info.plist;
				INFOPLIST_KEY_NSCameraUsageDescription = "授权使用系统相机功能";
				INFOPLIST_KEY_UIApplicationSupportsIndirectInputEvents = YES;
				INFOPLIST_KEY_UILaunchStoryboardName = LaunchScreen.storyboard;
				INFOPLIST_KEY_UISupportedInterfaceOrientations_iPad = "UIInterfaceOrientationPortrait UIInterfaceOrientationPortraitUpsideDown UIInterfaceOrientationLandscapeLeft UIInterfaceOrientationLandscapeRight";
				INFOPLIST_KEY_UISupportedInterfaceOrientations_iPhone = "UIInterfaceOrientationPortrait UIInterfaceOrientationLandscapeLeft UIInterfaceOrientationLandscapeRight";
				IPHONEOS_DEPLOYMENT_TARGET = 13.0;
				LD_RUNPATH_SEARCH_PATHS = (
					"$(inherited)",
					"@executable_path/Frameworks",
				);
				MARKETING_VERSION = 0.1.6;
				PRODUCT_BUNDLE_IDENTIFIER = com.well.ScanHelper;
				PRODUCT_NAME = "$(TARGET_NAME)";
				SWIFT_EMIT_LOC_STRINGS = YES;
				SWIFT_VERSION = 5.0;
				TARGETED_DEVICE_FAMILY = "1,2";
			};
			name = Release;
		};
/* End XCBuildConfiguration section */

/* Begin XCConfigurationList section */
		3FFC5BCE2A066B8C0002191F /* Build configuration list for PBXProject "ScanHelper" */ = {
			isa = XCConfigurationList;
			buildConfigurations = (
				3FFC5BE52A066B8D0002191F /* Debug */,
				3FFC5BE62A066B8D0002191F /* Release */,
			);
			defaultConfigurationIsVisible = 0;
			defaultConfigurationName = Release;
		};
		3FFC5BE72A066B8D0002191F /* Build configuration list for PBXNativeTarget "ScanHelper" */ = {
			isa = XCConfigurationList;
			buildConfigurations = (
				3FFC5BE82A066B8D0002191F /* Debug */,
				3FFC5BE92A066B8D0002191F /* Release */,
			);
			defaultConfigurationIsVisible = 0;
			defaultConfigurationName = Release;
		};
/* End XCConfigurationList section */
	};
	rootObject = 3FFC5BCB2A066B8C0002191F /* Project object */;
}
